
Microsoft Visual Studio Solution File, Format Version 12.00
# Visual Studio Version 18
VisualStudioVersion = 18.4.11626.88 stable
MinimumVisualStudioVersion = 10.0.40219.1
Project("{FAE04EC0-301F-11D3-BF4B-00C04F79EFBC}") = "AquaMap.API", "AquaMap.API.csproj", "{CD4EBA3B-35BB-619E-F32E-2A79168ADA8C}"
EndProject
Global
	GlobalSection(SolutionConfigurationPlatforms) = preSolution
		Debug|Any CPU = Debug|Any CPU
		Release|Any CPU = Release|Any CPU
	EndGlobalSection
	GlobalSection(ProjectConfigurationPlatforms) = postSolution
		{CD4EBA3B-35BB-619E-F32E-2A79168ADA8C}.Debug|Any CPU.ActiveCfg = Debug|Any CPU
		{CD4EBA3B-35BB-619E-F32E-2A79168ADA8C}.Debug|Any CPU.Build.0 = Debug|Any CPU
		{CD4EBA3B-35BB-619E-F32E-2A79168ADA8C}.Release|Any CPU.ActiveCfg = Release|Any CPU
		{CD4EBA3B-35BB-619E-F32E-2A79168ADA8C}.Release|Any CPU.Build.0 = Release|Any CPU
	EndGlobalSection
	GlobalSection(SolutionProperties) = preSolution
		HideSolutionNode = FALSE
	EndGlobalSection
	GlobalSection(ExtensibilityGlobals) = postSolution
		SolutionGuid = {D0A4BB85-AFA4-481C-8830-0C16A39A886F}
	EndGlobalSection
EndGlobal
